
Microsoft Visual Studio Solution File, Format Version 12.00
# Visual Studio Version 16
VisualStudioVersion = 16.0.32901.82
MinimumVisualStudioVersion = 10.0.40219.1
Project("{2150E333-8FDC-42A3-9474-1A3956D46DE8}") = "Unite1_OOP", "Unite1_OOP", "{A6BF7212-EEC7-4BD0-8D27-C390A21C8CEC}"
EndProject
Project("{2150E333-8FDC-42A3-9474-1A3956D46DE8}") = "Unite2_KararYapilariveDonguler", "Unite2_KararYapilariveDonguler", "{3F7C67A9-723B-41E5-80E8-0E22B6A09DF8}"
EndProject
Project("{FAE04EC0-301F-11D3-BF4B-00C04F79EFBC}") = "U1_GoldSoru1", "U1_GoldSoru1\U1_GoldSoru1.csproj", "{EA7C041C-BDD7-4D90-9A9C-64F312A3A47C}"
EndProject
Project("{FAE04EC0-301F-11D3-BF4B-00C04F79EFBC}") = "U1_GoldSoru2", "U1_GoldSoru2\U1_GoldSoru2.csproj", "{33621CE0-A70E-494C-93DD-E2403B9D7E3A}"
EndProject
Project("{FAE04EC0-301F-11D3-BF4B-00C04F79EFBC}") = "U1_Odev1", "U1_Odev1\U1_Odev1.csproj", "{4EE8319C-3918-4610-A08D-071C7C1B402F}"
EndProject
Project("{FAE04EC0-301F-11D3-BF4B-00C04F79EFBC}") = "U1_Uyg12", "U1_Uyg12\U1_Uyg12.csproj", "{FE573B62-273E-44EA-BFD4-BFC294B12AFA}"
EndProject
Project("{FAE04EC0-301F-11D3-BF4B-00C04F79EFBC}") = "U1_Uyg13", "U1_Uyg13\U1_Uyg13.csproj", "{5DC8C0EF-5251-47E5-94BA-8B61F854BD4F}"
EndProject
Project("{FAE04EC0-301F-11D3-BF4B-00C04F79EFBC}") = "U1_Uyg14", "U1_Uyg14\U1_Uyg14.csproj", "{AB3882DD-F629-47AD-A554-27A5555867D9}"
EndProject
Project("{FAE04EC0-301F-11D3-BF4B-00C04F79EFBC}") = "U1_Uyg15", "U1_Uyg15\U1_Uyg15.csproj", "{59676C0F-E482-4646-AAE8-03376582A268}"
EndProject
Project("{FAE04EC0-301F-11D3-BF4B-00C04F79EFBC}") = "U1_Uyg16", "U1_Uyg16\U1_Uyg16.csproj", "{891F650B-7CAB-4AE7-88B4-7D2A2F462FD4}"
EndProject
Project("{FAE04EC0-301F-11D3-BF4B-00C04F79EFBC}") = "U2_Uyg10", "U2_Uyg10\U2_Uyg10.csproj", "{A8D31830-BD00-4669-94F7-85974F508EF7}"
EndProject
Project("{FAE04EC0-301F-11D3-BF4B-00C04F79EFBC}") = "U2_Uyg9", "U2_Uyg9\U2_Uyg9.csproj", "{2F44680E-D24D-4723-8D76-173556245248}"
EndProject
Project("{FAE04EC0-301F-11D3-BF4B-00C04F79EFBC}") = "U2_Uyg8", "U2_Uyg8\U2_Uyg8.csproj", "{855E8ED8-00F3-47C9-B324-B8CD13A18006}"
EndProject
Project("{FAE04EC0-301F-11D3-BF4B-00C04F79EFBC}") = "U2_Uyg7", "U2_Uyg7\U2_Uyg7.csproj", "{6BA7005A-0677-40B3-980A-78853D1D3EB0}"
EndProject
Project("{FAE04EC0-301F-11D3-BF4B-00C04F79EFBC}") = "U2_Uyg6", "U2_Uyg6\U2_Uyg6.csproj", "{BD602972-82BD-4FFF-8A70-C0F0AF393F73}"
EndProject
Project("{FAE04EC0-301F-11D3-BF4B-00C04F79EFBC}") = "U2_Uyg5", "U2_Uyg5\U2_Uyg5.csproj", "{4E97C8C3-E3B4-4ABD-A11A-5B2782CA652C}"
EndProject
Project("{FAE04EC0-301F-11D3-BF4B-00C04F79EFBC}") = "U2_Uyg4", "U2_Uyg4\U2_Uyg4.csproj", "{BAFB5BB4-4772-440E-AEAC-B9738674E45C}"
EndProject
Project("{FAE04EC0-301F-11D3-BF4B-00C04F79EFBC}") = "U2_Uyg3", "U2_Uyg3\U2_Uyg3.csproj", "{714A4437-0DAF-421F-9037-646A199EA245}"
EndProject
Project("{FAE04EC0-301F-11D3-BF4B-00C04F79EFBC}") = "U2_Uyg2", "U2_Uyg2\U2_Uyg2.csproj", "{A7BCE5C4-7C51-4FA2-A854-8148D2C5EDFC}"
EndProject
Project("{FAE04EC0-301F-11D3-BF4B-00C04F79EFBC}") = "U2_Uyg1", "U2_Uyg1\U2_Uyg1.csproj", "{5F4AB3BF-02FE-4531-B044-FB8284B64E1C}"
EndProject
Project("{FAE04EC0-301F-11D3-BF4B-00C04F79EFBC}") = "U1_SS_1", "U1_SS_1\U1_SS_1.csproj", "{3DC94593-EC95-4610-80E3-66D53880026D}"
EndProject
Project("{FAE04EC0-301F-11D3-BF4B-00C04F79EFBC}") = "U1_SS_2", "U1_SS_2\U1_SS_2.csproj", "{1FBAA273-880C-4EBE-BB68-94431B2F4678}"
EndProject
Project("{FAE04EC0-301F-11D3-BF4B-00C04F79EFBC}") = "U1_SS_40", "U1_SS_40\U1_SS_40.csproj", "{25B958E7-957F-424E-A271-B4C9426264DD}"
EndProject
Project("{FAE04EC0-301F-11D3-BF4B-00C04F79EFBC}") = "U2_SS_50", "U2_SS_50\U2_SS_50.csproj", "{E010620E-2B2B-4C0A-8DFD-DBF98090B4A7}"
EndProject
Project("{FAE04EC0-301F-11D3-BF4B-00C04F79EFBC}") = "U2_SS_48", "U2_SS_48\U2_SS_48.csproj", "{DB3FA5F5-4229-45E3-851C-F00E85FD70D9}"
EndProject
Project("{FAE04EC0-301F-11D3-BF4B-00C04F79EFBC}") = "U2_Odev1", "U2_Odev1\U2_Odev1.csproj", "{616F9DE9-7D90-4738-B32A-E92CA2A8CB60}"
EndProject
Project("{FAE04EC0-301F-11D3-BF4B-00C04F79EFBC}") = "U2_Uyg11", "U2_Uyg11\U2_Uyg11.csproj", "{B0E10EB5-5A52-4641-9E6F-D7FA347AA068}"
EndProject
Project("{FAE04EC0-301F-11D3-BF4B-00C04F79EFBC}") = "U2_SS_53", "U2_SS_53\U2_SS_53.csproj", "{77C0708C-F185-46B2-8931-D7FF5EDAC959}"
EndProject
Project("{FAE04EC0-301F-11D3-BF4B-00C04F79EFBC}") = "U2_Uyg12", "U2_Uyg12\U2_Uyg12.csproj", "{58125873-DE2F-4E44-88A6-FA7890474454}"
EndProject
Project("{FAE04EC0-301F-11D3-BF4B-00C04F79EFBC}") = "U2_Uyg13", "U2_Uyg13\U2_Uyg13.csproj", "{E609CBD3-750A-4406-8056-049FE3D7C7EF}"
EndProject
Project("{FAE04EC0-301F-11D3-BF4B-00C04F79EFBC}") = "U2_Uyg14", "U2_Uyg14\U2_Uyg14.csproj", "{7F87B71A-DF08-4DC7-B50F-B0D5761CF915}"
EndProject
Project("{FAE04EC0-301F-11D3-BF4B-00C04F79EFBC}") = "U2_Uyg15", "U2_Uyg15\U2_Uyg15.csproj", "{56A948B7-E241-4AA8-B27E-41109295E562}"
EndProject
Project("{FAE04EC0-301F-11D3-BF4B-00C04F79EFBC}") = "U2_Uyg16", "U2_Uyg16\U2_Uyg16.csproj", "{BD7E095F-AAB9-41B0-9874-E0CB0E823511}"
EndProject
Project("{FAE04EC0-301F-11D3-BF4B-00C04F79EFBC}") = "U2_Uyg17", "U2_Uyg17\U2_Uyg17.csproj", "{1EC9811A-D1C5-4366-9731-5F53D536F5DA}"
EndProject
Project("{FAE04EC0-301F-11D3-BF4B-00C04F79EFBC}") = "U2_Uyg18", "U2_Uyg18\U2_Uyg18.csproj", "{8517AF5E-E9DD-4738-8E73-C55B12F18E61}"
EndProject
Project("{FAE04EC0-301F-11D3-BF4B-00C04F79EFBC}") = "U2_Uyg19", "U2_Uyg19\U2_Uyg19.csproj", "{FF2464E1-5B27-46FD-B325-F2125ABEDD19}"
EndProject
Project("{FAE04EC0-301F-11D3-BF4B-00C04F79EFBC}") = "U2_Uyg20", "U2_Uyg20\U2_Uyg20.csproj", "{FDBC469E-B5DF-4254-B2BD-63B60BA18F3B}"
EndProject
Project("{FAE04EC0-301F-11D3-BF4B-00C04F79EFBC}") = "U2_Uyg21", "U2_Uyg21\U2_Uyg21.csproj", "{FABDE556-102A-4F93-8430-22044A23EE92}"
EndProject
Project("{FAE04EC0-301F-11D3-BF4B-00C04F79EFBC}") = "U2_Uyg22", "U2_Uyg22\U2_Uyg22.csproj", "{50B4DE20-D3A5-4853-B42F-C1E72E8FF51E}"
EndProject
Project("{FAE04EC0-301F-11D3-BF4B-00C04F79EFBC}") = "U2_Uyg23", "U2_Uyg23\U2_Uyg23.csproj", "{22950C31-4E82-4DE0-B0B1-30958CB53C39}"
EndProject
Project("{FAE04EC0-301F-11D3-BF4B-00C04F79EFBC}") = "SS63", "SS63\SS63.csproj", "{307E6DBF-07D3-4678-A2C4-D81CD03AEBC7}"
EndProject
Project("{FAE04EC0-301F-11D3-BF4B-00C04F79EFBC}") = "U2_24", "U2_24\U2_24.csproj", "{BEE12F73-82A9-4AE7-B624-0A81B99C2DD0}"
EndProject
Project("{FAE04EC0-301F-11D3-BF4B-00C04F79EFBC}") = "SS64", "SS64\SS64.csproj", "{34E99403-2D93-4074-8014-0D79A71A8E10}"
EndProject
Project("{FAE04EC0-301F-11D3-BF4B-00C04F79EFBC}") = "U2_Uyg25", "U2_Uyg25\U2_Uyg25.csproj", "{B08D3AFB-4865-47F6-A2F1-7D50787A4655}"
EndProject
Project("{FAE04EC0-301F-11D3-BF4B-00C04F79EFBC}") = "U2_Uyg26", "U2_Uyg26\U2_Uyg26.csproj", "{02CB05A4-3063-4FBA-9F98-A284889C566C}"
EndProject
Project("{FAE04EC0-301F-11D3-BF4B-00C04F79EFBC}") = "U2_27", "U2_27\U2_27.csproj", "{F95246A9-554A-4FB9-A5ED-12FA73D5F0F3}"
EndProject
Project("{FAE04EC0-301F-11D3-BF4B-00C04F79EFBC}") = "SS65", "SS65\SS65.csproj", "{FA45C296-36B6-43A7-B34C-3A91767CE8E9}"
EndProject
Project("{FAE04EC0-301F-11D3-BF4B-00C04F79EFBC}") = "U2_28", "U2_28\U2_28.csproj", "{B27D2D80-FBB9-4C94-935F-0FBB13973FEF}"
EndProject
Project("{FAE04EC0-301F-11D3-BF4B-00C04F79EFBC}") = "U2_29", "U2_29\U2_29.csproj", "{54AB3921-8977-4C10-80A5-DC0BC45A16C3}"
EndProject
Project("{FAE04EC0-301F-11D3-BF4B-00C04F79EFBC}") = "SS_66", "SS_66\SS_66.csproj", "{31909952-DC78-4754-8208-F41349490A57}"
EndProject
Project("{FAE04EC0-301F-11D3-BF4B-00C04F79EFBC}") = "U2_Uyg30", "U2_Uyg30\U2_Uyg30.csproj", "{1E378242-08CC-4DBB-9165-E386A4F53796}"
EndProject
Project("{FAE04EC0-301F-11D3-BF4B-00C04F79EFBC}") = "U2_31", "U2_31\U2_31.csproj", "{D3B0440E-A79F-46E4-A7C0-9DB36A51D378}"
EndProject
Project("{FAE04EC0-301F-11D3-BF4B-00C04F79EFBC}") = "U2_Goldsoru1", "U2_Goldsoru1\U2_Goldsoru1.csproj", "{03C0BAD8-8143-411A-B122-EFD1547698F7}"
EndProject
Project("{FAE04EC0-301F-11D3-BF4B-00C04F79EFBC}") = "SS_55", "SS_55\SS_55.csproj", "{767DB2A5-8863-41A7-A971-C29580E33032}"
EndProject
Project("{FAE04EC0-301F-11D3-BF4B-00C04F79EFBC}") = "SS_56", "SS_56\SS_56.csproj", "{18267C42-DA19-4469-90F7-29F023D10FEE}"
EndProject
Project("{FAE04EC0-301F-11D3-BF4B-00C04F79EFBC}") = "U2_66_2", "U2_66_2\U2_66_2.csproj", "{5900D3E8-B93F-4616-8ED7-CC80687820A6}"
EndProject
Project("{FAE04EC0-301F-11D3-BF4B-00C04F79EFBC}") = "U2_Uyg32", "U2_Uyg32\U2_Uyg32.csproj", "{1F2AFA61-FA62-42C2-8AAD-6A8CAD0AD19E}"
EndProject
Project("{FAE04EC0-301F-11D3-BF4B-00C04F79EFBC}") = "U2_Uyg33", "U2_Uyg33\U2_Uyg33.csproj", "{28D7EA06-EFA3-462A-A158-75C527444AE3}"
EndProject
Project("{FAE04EC0-301F-11D3-BF4B-00C04F79EFBC}") = "U3_Uyg1", "U3_Uyg1\U3_Uyg1.csproj", "{6CD76CCB-E2B4-4DE3-AD0E-033CA3745064}"
EndProject
Project("{FAE04EC0-301F-11D3-BF4B-00C04F79EFBC}") = "U2_SS69_2.Uyg", "U2_SS69_2.Uyg\U2_SS69_2.Uyg.csproj", "{B8681EDB-586C-4D3D-900F-AEC542B8CF63}"
EndProject
Project("{FAE04EC0-301F-11D3-BF4B-00C04F79EFBC}") = "U2_SS_70", "U2_SS_70\U2_SS_70.csproj", "{0176DB4A-EA3F-4EE2-9847-E9029DB4ADFA}"
EndProject
Project("{FAE04EC0-301F-11D3-BF4B-00C04F79EFBC}") = "U2_SS_71", "U2_SS_71\U2_SS_71.csproj", "{F81A6B40-89A7-40B8-8BF1-0A8FD6B6B5BE}"
EndProject
Project("{FAE04EC0-301F-11D3-BF4B-00C04F79EFBC}") = "U2_Gold_Soru3", "U2_Gold_Soru3\U2_Gold_Soru3.csproj", "{316DD9E8-7408-46C1-BDC4-7EB71DA39363}"
EndProject
Global
	GlobalSection(SolutionConfigurationPlatforms) = preSolution
		Debug|Any CPU = Debug|Any CPU
		Release|Any CPU = Release|Any CPU
	EndGlobalSection
	GlobalSection(ProjectConfigurationPlatforms) = postSolution
		{EA7C041C-BDD7-4D90-9A9C-64F312A3A47C}.Debug|Any CPU.ActiveCfg = Debug|Any CPU
		{EA7C041C-BDD7-4D90-9A9C-64F312A3A47C}.Debug|Any CPU.Build.0 = Debug|Any CPU
		{EA7C041C-BDD7-4D90-9A9C-64F312A3A47C}.Release|Any CPU.ActiveCfg = Release|Any CPU
		{EA7C041C-BDD7-4D90-9A9C-64F312A3A47C}.Release|Any CPU.Build.0 = Release|Any CPU
		{33621CE0-A70E-494C-93DD-E2403B9D7E3A}.Debug|Any CPU.ActiveCfg = Debug|Any CPU
		{33621CE0-A70E-494C-93DD-E2403B9D7E3A}.Debug|Any CPU.Build.0 = Debug|Any CPU
		{33621CE0-A70E-494C-93DD-E2403B9D7E3A}.Release|Any CPU.ActiveCfg = Release|Any CPU
		{33621CE0-A70E-494C-93DD-E2403B9D7E3A}.Release|Any CPU.Build.0 = Release|Any CPU
		{4EE8319C-3918-4610-A08D-071C7C1B402F}.Debug|Any CPU.ActiveCfg = Debug|Any CPU
		{4EE8319C-3918-4610-A08D-071C7C1B402F}.Debug|Any CPU.Build.0 = Debug|Any CPU
		{4EE8319C-3918-4610-A08D-071C7C1B402F}.Release|Any CPU.ActiveCfg = Release|Any CPU
		{4EE8319C-3918-4610-A08D-071C7C1B402F}.Release|Any CPU.Build.0 = Release|Any CPU
		{FE573B62-273E-44EA-BFD4-BFC294B12AFA}.Debug|Any CPU.ActiveCfg = Debug|Any CPU
		{FE573B62-273E-44EA-BFD4-BFC294B12AFA}.Debug|Any CPU.Build.0 = Debug|Any CPU
		{FE573B62-273E-44EA-BFD4-BFC294B12AFA}.Release|Any CPU.ActiveCfg = Release|Any CPU
		{FE573B62-273E-44EA-BFD4-BFC294B12AFA}.Release|Any CPU.Build.0 = Release|Any CPU
		{5DC8C0EF-5251-47E5-94BA-8B61F854BD4F}.Debug|Any CPU.ActiveCfg = Debug|Any CPU
		{5DC8C0EF-5251-47E5-94BA-8B61F854BD4F}.Debug|Any CPU.Build.0 = Debug|Any CPU
		{5DC8C0EF-5251-47E5-94BA-8B61F854BD4F}.Release|Any CPU.ActiveCfg = Release|Any CPU
		{5DC8C0EF-5251-47E5-94BA-8B61F854BD4F}.Release|Any CPU.Build.0 = Release|Any CPU
		{AB3882DD-F629-47AD-A554-27A5555867D9}.Debug|Any CPU.ActiveCfg = Debug|Any CPU
		{AB3882DD-F629-47AD-A554-27A5555867D9}.Debug|Any CPU.Build.0 = Debug|Any CPU
		{AB3882DD-F629-47AD-A554-27A5555867D9}.Release|Any CPU.ActiveCfg = Release|Any CPU
		{AB3882DD-F629-47AD-A554-27A5555867D9}.Release|Any CPU.Build.0 = Release|Any CPU
		{59676C0F-E482-4646-AAE8-03376582A268}.Debug|Any CPU.ActiveCfg = Debug|Any CPU
		{59676C0F-E482-4646-AAE8-03376582A268}.Debug|Any CPU.Build.0 = Debug|Any CPU
		{59676C0F-E482-4646-AAE8-03376582A268}.Release|Any CPU.ActiveCfg = Release|Any CPU
		{59676C0F-E482-4646-AAE8-03376582A268}.Release|Any CPU.Build.0 = Release|Any CPU
		{891F650B-7CAB-4AE7-88B4-7D2A2F462FD4}.Debug|Any CPU.ActiveCfg = Debug|Any CPU
		{891F650B-7CAB-4AE7-88B4-7D2A2F462FD4}.Debug|Any CPU.Build.0 = Debug|Any CPU
		{891F650B-7CAB-4AE7-88B4-7D2A2F462FD4}.Release|Any CPU.ActiveCfg = Release|Any CPU
		{891F650B-7CAB-4AE7-88B4-7D2A2F462FD4}.Release|Any CPU.Build.0 = Release|Any CPU
		{A8D31830-BD00-4669-94F7-85974F508EF7}.Debug|Any CPU.ActiveCfg = Debug|Any CPU
		{A8D31830-BD00-4669-94F7-85974F508EF7}.Debug|Any CPU.Build.0 = Debug|Any CPU
		{A8D31830-BD00-4669-94F7-85974F508EF7}.Release|Any CPU.ActiveCfg = Release|Any CPU
		{A8D31830-BD00-4669-94F7-85974F508EF7}.Release|Any CPU.Build.0 = Release|Any CPU
		{2F44680E-D24D-4723-8D76-173556245248}.Debug|Any CPU.ActiveCfg = Debug|Any CPU
		{2F44680E-D24D-4723-8D76-173556245248}.Debug|Any CPU.Build.0 = Debug|Any CPU
		{2F44680E-D24D-4723-8D76-173556245248}.Release|Any CPU.ActiveCfg = Release|Any CPU
		{2F44680E-D24D-4723-8D76-173556245248}.Release|Any CPU.Build.0 = Release|Any CPU
		{855E8ED8-00F3-47C9-B324-B8CD13A18006}.Debug|Any CPU.ActiveCfg = Debug|Any CPU
		{855E8ED8-00F3-47C9-B324-B8CD13A18006}.Debug|Any CPU.Build.0 = Debug|Any CPU
		{855E8ED8-00F3-47C9-B324-B8CD13A18006}.Release|Any CPU.ActiveCfg = Release|Any CPU
		{855E8ED8-00F3-47C9-B324-B8CD13A18006}.Release|Any CPU.Build.0 = Release|Any CPU
		{6BA7005A-0677-40B3-980A-78853D1D3EB0}.Debug|Any CPU.ActiveCfg = Debug|Any CPU
		{6BA7005A-0677-40B3-980A-78853D1D3EB0}.Debug|Any CPU.Build.0 = Debug|Any CPU
		{6BA7005A-0677-40B3-980A-78853D1D3EB0}.Release|Any CPU.ActiveCfg = Release|Any CPU
		{6BA7005A-0677-40B3-980A-78853D1D3EB0}.Release|Any CPU.Build.0 = Release|Any CPU
		{BD602972-82BD-4FFF-8A70-C0F0AF393F73}.Debug|Any CPU.ActiveCfg = Debug|Any CPU
		{BD602972-82BD-4FFF-8A70-C0F0AF393F73}.Debug|Any CPU.Build.0 = Debug|Any CPU
		{BD602972-82BD-4FFF-8A70-C0F0AF393F73}.Release|Any CPU.ActiveCfg = Release|Any CPU
		{BD602972-82BD-4FFF-8A70-C0F0AF393F73}.Release|Any CPU.Build.0 = Release|Any CPU
		{4E97C8C3-E3B4-4ABD-A11A-5B2782CA652C}.Debug|Any CPU.ActiveCfg = Debug|Any CPU
		{4E97C8C3-E3B4-4ABD-A11A-5B2782CA652C}.Debug|Any CPU.Build.0 = Debug|Any CPU
		{4E97C8C3-E3B4-4ABD-A11A-5B2782CA652C}.Release|Any CPU.ActiveCfg = Release|Any CPU
		{4E97C8C3-E3B4-4ABD-A11A-5B2782CA652C}.Release|Any CPU.Build.0 = Release|Any CPU
		{BAFB5BB4-4772-440E-AEAC-B9738674E45C}.Debug|Any CPU.ActiveCfg = Debug|Any CPU
		{BAFB5BB4-4772-440E-AEAC-B9738674E45C}.Debug|Any CPU.Build.0 = Debug|Any CPU
		{BAFB5BB4-4772-440E-AEAC-B9738674E45C}.Release|Any CPU.ActiveCfg = Release|Any CPU
		{BAFB5BB4-4772-440E-AEAC-B9738674E45C}.Release|Any CPU.Build.0 = Release|Any CPU
		{714A4437-0DAF-421F-9037-646A199EA245}.Debug|Any CPU.ActiveCfg = Debug|Any CPU
		{714A4437-0DAF-421F-9037-646A199EA245}.Debug|Any CPU.Build.0 = Debug|Any CPU
		{714A4437-0DAF-421F-9037-646A199EA245}.Release|Any CPU.ActiveCfg = Release|Any CPU
		{714A4437-0DAF-421F-9037-646A199EA245}.Release|Any CPU.Build.0 = Release|Any CPU
		{A7BCE5C4-7C51-4FA2-A854-8148D2C5EDFC}.Debug|Any CPU.ActiveCfg = Debug|Any CPU
		{A7BCE5C4-7C51-4FA2-A854-8148D2C5EDFC}.Debug|Any CPU.Build.0 = Debug|Any CPU
		{A7BCE5C4-7C51-4FA2-A854-8148D2C5EDFC}.Release|Any CPU.ActiveCfg = Release|Any CPU
		{A7BCE5C4-7C51-4FA2-A854-8148D2C5EDFC}.Release|Any CPU.Build.0 = Release|Any CPU
		{5F4AB3BF-02FE-4531-B044-FB8284B64E1C}.Debug|Any CPU.ActiveCfg = Debug|Any CPU
		{5F4AB3BF-02FE-4531-B044-FB8284B64E1C}.Debug|Any CPU.Build.0 = Debug|Any CPU
		{5F4AB3BF-02FE-4531-B044-FB8284B64E1C}.Release|Any CPU.ActiveCfg = Release|Any CPU
		{5F4AB3BF-02FE-4531-B044-FB8284B64E1C}.Release|Any CPU.Build.0 = Release|Any CPU
		{3DC94593-EC95-4610-80E3-66D53880026D}.Debug|Any CPU.ActiveCfg = Debug|Any CPU
		{3DC94593-EC95-4610-80E3-66D53880026D}.Debug|Any CPU.Build.0 = Debug|Any CPU
		{3DC94593-EC95-4610-80E3-66D53880026D}.Release|Any CPU.ActiveCfg = Release|Any CPU
		{3DC94593-EC95-4610-80E3-66D53880026D}.Release|Any CPU.Build.0 = Release|Any CPU
		{1FBAA273-880C-4EBE-BB68-94431B2F4678}.Debug|Any CPU.ActiveCfg = Debug|Any CPU
		{1FBAA273-880C-4EBE-BB68-94431B2F4678}.Debug|Any CPU.Build.0 = Debug|Any CPU
		{1FBAA273-880C-4EBE-BB68-94431B2F4678}.Release|Any CPU.ActiveCfg = Release|Any CPU
		{1FBAA273-880C-4EBE-BB68-94431B2F4678}.Release|Any CPU.Build.0 = Release|Any CPU
		{25B958E7-957F-424E-A271-B4C9426264DD}.Debug|Any CPU.ActiveCfg = Debug|Any CPU
		{25B958E7-957F-424E-A271-B4C9426264DD}.Debug|Any CPU.Build.0 = Debug|Any CPU
		{25B958E7-957F-424E-A271-B4C9426264DD}.Release|Any CPU.ActiveCfg = Release|Any CPU
		{25B958E7-957F-424E-A271-B4C9426264DD}.Release|Any CPU.Build.0 = Release|Any CPU
		{E010620E-2B2B-4C0A-8DFD-DBF98090B4A7}.Debug|Any CPU.ActiveCfg = Debug|Any CPU
		{E010620E-2B2B-4C0A-8DFD-DBF98090B4A7}.Debug|Any CPU.Build.0 = Debug|Any CPU
		{E010620E-2B2B-4C0A-8DFD-DBF98090B4A7}.Release|Any CPU.ActiveCfg = Release|Any CPU
		{E010620E-2B2B-4C0A-8DFD-DBF98090B4A7}.Release|Any CPU.Build.0 = Release|Any CPU
		{DB3FA5F5-4229-45E3-851C-F00E85FD70D9}.Debug|Any CPU.ActiveCfg = Debug|Any CPU
		{DB3FA5F5-4229-45E3-851C-F00E85FD70D9}.Debug|Any CPU.Build.0 = Debug|Any CPU
		{DB3FA5F5-4229-45E3-851C-F00E85FD70D9}.Release|Any CPU.ActiveCfg = Release|Any CPU
		{DB3FA5F5-4229-45E3-851C-F00E85FD70D9}.Release|Any CPU.Build.0 = Release|Any CPU
		{616F9DE9-7D90-4738-B32A-E92CA2A8CB60}.Debug|Any CPU.ActiveCfg = Debug|Any CPU
		{616F9DE9-7D90-4738-B32A-E92CA2A8CB60}.Debug|Any CPU.Build.0 = Debug|Any CPU
		{616F9DE9-7D90-4738-B32A-E92CA2A8CB60}.Release|Any CPU.ActiveCfg = Release|Any CPU
		{616F9DE9-7D90-4738-B32A-E92CA2A8CB60}.Release|Any CPU.Build.0 = Release|Any CPU
		{B0E10EB5-5A52-4641-9E6F-D7FA347AA068}.Debug|Any CPU.ActiveCfg = Debug|Any CPU
		{B0E10EB5-5A52-4641-9E6F-D7FA347AA068}.Debug|Any CPU.Build.0 = Debug|Any CPU
		{B0E10EB5-5A52-4641-9E6F-D7FA347AA068}.Release|Any CPU.ActiveCfg = Release|Any CPU
		{B0E10EB5-5A52-4641-9E6F-D7FA347AA068}.Release|Any CPU.Build.0 = Release|Any CPU
		{77C0708C-F185-46B2-8931-D7FF5EDAC959}.Debug|Any CPU.ActiveCfg = Debug|Any CPU
		{77C0708C-F185-46B2-8931-D7FF5EDAC959}.Debug|Any CPU.Build.0 = Debug|Any CPU
		{77C0708C-F185-46B2-8931-D7FF5EDAC959}.Release|Any CPU.ActiveCfg = Release|Any CPU
		{77C0708C-F185-46B2-8931-D7FF5EDAC959}.Release|Any CPU.Build.0 = Release|Any CPU
		{58125873-DE2F-4E44-88A6-FA7890474454}.Debug|Any CPU.ActiveCfg = Debug|Any CPU
		{58125873-DE2F-4E44-88A6-FA7890474454}.Debug|Any CPU.Build.0 = Debug|Any CPU
		{58125873-DE2F-4E44-88A6-FA7890474454}.Release|Any CPU.ActiveCfg = Release|Any CPU
		{58125873-DE2F-4E44-88A6-FA7890474454}.Release|Any CPU.Build.0 = Release|Any CPU
		{E609CBD3-750A-4406-8056-049FE3D7C7EF}.Debug|Any CPU.ActiveCfg = Debug|Any CPU
		{E609CBD3-750A-4406-8056-049FE3D7C7EF}.Debug|Any CPU.Build.0 = Debug|Any CPU
		{E609CBD3-750A-4406-8056-049FE3D7C7EF}.Release|Any CPU.ActiveCfg = Release|Any CPU
		{E609CBD3-750A-4406-8056-049FE3D7C7EF}.Release|Any CPU.Build.0 = Release|Any CPU
		{7F87B71A-DF08-4DC7-B50F-B0D5761CF915}.Debug|Any CPU.ActiveCfg = Debug|Any CPU
		{7F87B71A-DF08-4DC7-B50F-B0D5761CF915}.Debug|Any CPU.Build.0 = Debug|Any CPU
		{7F87B71A-DF08-4DC7-B50F-B0D5761CF915}.Release|Any CPU.ActiveCfg = Release|Any CPU
		{7F87B71A-DF08-4DC7-B50F-B0D5761CF915}.Release|Any CPU.Build.0 = Release|Any CPU
		{56A948B7-E241-4AA8-B27E-41109295E562}.Debug|Any CPU.ActiveCfg = Debug|Any CPU
		{56A948B7-E241-4AA8-B27E-41109295E562}.Debug|Any CPU.Build.0 = Debug|Any CPU
		{56A948B7-E241-4AA8-B27E-41109295E562}.Release|Any CPU.ActiveCfg = Release|Any CPU
		{56A948B7-E241-4AA8-B27E-41109295E562}.Release|Any CPU.Build.0 = Release|Any CPU
		{BD7E095F-AAB9-41B0-9874-E0CB0E823511}.Debug|Any CPU.ActiveCfg = Debug|Any CPU
		{BD7E095F-AAB9-41B0-9874-E0CB0E823511}.Debug|Any CPU.Build.0 = Debug|Any CPU
		{BD7E095F-AAB9-41B0-9874-E0CB0E823511}.Release|Any CPU.ActiveCfg = Release|Any CPU
		{BD7E095F-AAB9-41B0-9874-E0CB0E823511}.Release|Any CPU.Build.0 = Release|Any CPU
		{1EC9811A-D1C5-4366-9731-5F53D536F5DA}.Debug|Any CPU.ActiveCfg = Debug|Any CPU
		{1EC9811A-D1C5-4366-9731-5F53D536F5DA}.Debug|Any CPU.Build.0 = Debug|Any CPU
		{1EC9811A-D1C5-4366-9731-5F53D536F5DA}.Release|Any CPU.ActiveCfg = Release|Any CPU
		{1EC9811A-D1C5-4366-9731-5F53D536F5DA}.Release|Any CPU.Build.0 = Release|Any CPU
		{8517AF5E-E9DD-4738-8E73-C55B12F18E61}.Debug|Any CPU.ActiveCfg = Debug|Any CPU
		{8517AF5E-E9DD-4738-8E73-C55B12F18E61}.Debug|Any CPU.Build.0 = Debug|Any CPU
		{8517AF5E-E9DD-4738-8E73-C55B12F18E61}.Release|Any CPU.ActiveCfg = Release|Any CPU
		{8517AF5E-E9DD-4738-8E73-C55B12F18E61}.Release|Any CPU.Build.0 = Release|Any CPU
		{FF2464E1-5B27-46FD-B325-F2125ABEDD19}.Debug|Any CPU.ActiveCfg = Debug|Any CPU
		{FF2464E1-5B27-46FD-B325-F2125ABEDD19}.Debug|Any CPU.Build.0 = Debug|Any CPU
		{FF2464E1-5B27-46FD-B325-F2125ABEDD19}.Release|Any CPU.ActiveCfg = Release|Any CPU
		{FF2464E1-5B27-46FD-B325-F2125ABEDD19}.Release|Any CPU.Build.0 = Release|Any CPU
		{FDBC469E-B5DF-4254-B2BD-63B60BA18F3B}.Debug|Any CPU.ActiveCfg = Debug|Any CPU
		{FDBC469E-B5DF-4254-B2BD-63B60BA18F3B}.Debug|Any CPU.Build.0 = Debug|Any CPU
		{FDBC469E-B5DF-4254-B2BD-63B60BA18F3B}.Release|Any CPU.ActiveCfg = Release|Any CPU
		{FDBC469E-B5DF-4254-B2BD-63B60BA18F3B}.Release|Any CPU.Build.0 = Release|Any CPU
		{FABDE556-102A-4F93-8430-22044A23EE92}.Debug|Any CPU.ActiveCfg = Debug|Any CPU
		{FABDE556-102A-4F93-8430-22044A23EE92}.Debug|Any CPU.Build.0 = Debug|Any CPU
		{FABDE556-102A-4F93-8430-22044A23EE92}.Release|Any CPU.ActiveCfg = Release|Any CPU
		{FABDE556-102A-4F93-8430-22044A23EE92}.Release|Any CPU.Build.0 = Release|Any CPU
		{50B4DE20-D3A5-4853-B42F-C1E72E8FF51E}.Debug|Any CPU.ActiveCfg = Debug|Any CPU
		{50B4DE20-D3A5-4853-B42F-C1E72E8FF51E}.Debug|Any CPU.Build.0 = Debug|Any CPU
		{50B4DE20-D3A5-4853-B42F-C1E72E8FF51E}.Release|Any CPU.ActiveCfg = Release|Any CPU
		{50B4DE20-D3A5-4853-B42F-C1E72E8FF51E}.Release|Any CPU.Build.0 = Release|Any CPU
		{22950C31-4E82-4DE0-B0B1-30958CB53C39}.Debug|Any CPU.ActiveCfg = Debug|Any CPU
		{22950C31-4E82-4DE0-B0B1-30958CB53C39}.Debug|Any CPU.Build.0 = Debug|Any CPU
		{22950C31-4E82-4DE0-B0B1-30958CB53C39}.Release|Any CPU.ActiveCfg = Release|Any CPU
		{22950C31-4E82-4DE0-B0B1-30958CB53C39}.Release|Any CPU.Build.0 = Release|Any CPU
		{307E6DBF-07D3-4678-A2C4-D81CD03AEBC7}.Debug|Any CPU.ActiveCfg = Debug|Any CPU
		{307E6DBF-07D3-4678-A2C4-D81CD03AEBC7}.Debug|Any CPU.Build.0 = Debug|Any CPU
		{307E6DBF-07D3-4678-A2C4-D81CD03AEBC7}.Release|Any CPU.ActiveCfg = Release|Any CPU
		{307E6DBF-07D3-4678-A2C4-D81CD03AEBC7}.Release|Any CPU.Build.0 = Release|Any CPU
		{BEE12F73-82A9-4AE7-B624-0A81B99C2DD0}.Debug|Any CPU.ActiveCfg = Debug|Any CPU
		{BEE12F73-82A9-4AE7-B624-0A81B99C2DD0}.Debug|Any CPU.Build.0 = Debug|Any CPU
		{BEE12F73-82A9-4AE7-B624-0A81B99C2DD0}.Release|Any CPU.ActiveCfg = Release|Any CPU
		{BEE12F73-82A9-4AE7-B624-0A81B99C2DD0}.Release|Any CPU.Build.0 = Release|Any CPU
		{34E99403-2D93-4074-8014-0D79A71A8E10}.Debug|Any CPU.ActiveCfg = Debug|Any CPU
		{34E99403-2D93-4074-8014-0D79A71A8E10}.Debug|Any CPU.Build.0 = Debug|Any CPU
		{34E99403-2D93-4074-8014-0D79A71A8E10}.Release|Any CPU.ActiveCfg = Release|Any CPU
		{34E99403-2D93-4074-8014-0D79A71A8E10}.Release|Any CPU.Build.0 = Release|Any CPU
		{B08D3AFB-4865-47F6-A2F1-7D50787A4655}.Debug|Any CPU.ActiveCfg = Debug|Any CPU
		{B08D3AFB-4865-47F6-A2F1-7D50787A4655}.Debug|Any CPU.Build.0 = Debug|Any CPU
		{B08D3AFB-4865-47F6-A2F1-7D50787A4655}.Release|Any CPU.ActiveCfg = Release|Any CPU
		{B08D3AFB-4865-47F6-A2F1-7D50787A4655}.Release|Any CPU.Build.0 = Release|Any CPU
		{02CB05A4-3063-4FBA-9F98-A284889C566C}.Debug|Any CPU.ActiveCfg = Debug|Any CPU
		{02CB05A4-3063-4FBA-9F98-A284889C566C}.Debug|Any CPU.Build.0 = Debug|Any CPU
		{02CB05A4-3063-4FBA-9F98-A284889C566C}.Release|Any CPU.ActiveCfg = Release|Any CPU
		{02CB05A4-3063-4FBA-9F98-A284889C566C}.Release|Any CPU.Build.0 = Release|Any CPU
		{F95246A9-554A-4FB9-A5ED-12FA73D5F0F3}.Debug|Any CPU.ActiveCfg = Debug|Any CPU
		{F95246A9-554A-4FB9-A5ED-12FA73D5F0F3}.Debug|Any CPU.Build.0 = Debug|Any CPU
		{F95246A9-554A-4FB9-A5ED-12FA73D5F0F3}.Release|Any CPU.ActiveCfg = Release|Any CPU
		{F95246A9-554A-4FB9-A5ED-12FA73D5F0F3}.Release|Any CPU.Build.0 = Release|Any CPU
		{FA45C296-36B6-43A7-B34C-3A91767CE8E9}.Debug|Any CPU.ActiveCfg = Debug|Any CPU
		{FA45C296-36B6-43A7-B34C-3A91767CE8E9}.Debug|Any CPU.Build.0 = Debug|Any CPU
		{FA45C296-36B6-43A7-B34C-3A91767CE8E9}.Release|Any CPU.ActiveCfg = Release|Any CPU
		{FA45C296-36B6-43A7-B34C-3A91767CE8E9}.Release|Any CPU.Build.0 = Release|Any CPU
		{B27D2D80-FBB9-4C94-935F-0FBB13973FEF}.Debug|Any CPU.ActiveCfg = Debug|Any CPU
		{B27D2D80-FBB9-4C94-935F-0FBB13973FEF}.Debug|Any CPU.Build.0 = Debug|Any CPU
		{B27D2D80-FBB9-4C94-935F-0FBB13973FEF}.Release|Any CPU.ActiveCfg = Release|Any CPU
		{B27D2D80-FBB9-4C94-935F-0FBB13973FEF}.Release|Any CPU.Build.0 = Release|Any CPU
		{54AB3921-8977-4C10-80A5-DC0BC45A16C3}.Debug|Any CPU.ActiveCfg = Debug|Any CPU
		{54AB3921-8977-4C10-80A5-DC0BC45A16C3}.Debug|Any CPU.Build.0 = Debug|Any CPU
		{54AB3921-8977-4C10-80A5-DC0BC45A16C3}.Release|Any CPU.ActiveCfg = Release|Any CPU
		{54AB3921-8977-4C10-80A5-DC0BC45A16C3}.Release|Any CPU.Build.0 = Release|Any CPU
		{31909952-DC78-4754-8208-F41349490A57}.Debug|Any CPU.ActiveCfg = Debug|Any CPU
		{31909952-DC78-4754-8208-F41349490A57}.Debug|Any CPU.Build.0 = Debug|Any CPU
		{31909952-DC78-4754-8208-F41349490A57}.Release|Any CPU.ActiveCfg = Release|Any CPU
		{31909952-DC78-4754-8208-F41349490A57}.Release|Any CPU.Build.0 = Release|Any CPU
		{1E378242-08CC-4DBB-9165-E386A4F53796}.Debug|Any CPU.ActiveCfg = Debug|Any CPU
		{1E378242-08CC-4DBB-9165-E386A4F53796}.Debug|Any CPU.Build.0 = Debug|Any CPU
		{1E378242-08CC-4DBB-9165-E386A4F53796}.Release|Any CPU.ActiveCfg = Release|Any CPU
		{1E378242-08CC-4DBB-9165-E386A4F53796}.Release|Any CPU.Build.0 = Release|Any CPU
		{D3B0440E-A79F-46E4-A7C0-9DB36A51D378}.Debug|Any CPU.ActiveCfg = Debug|Any CPU
		{D3B0440E-A79F-46E4-A7C0-9DB36A51D378}.Debug|Any CPU.Build.0 = Debug|Any CPU
		{D3B0440E-A79F-46E4-A7C0-9DB36A51D378}.Release|Any CPU.ActiveCfg = Release|Any CPU
		{D3B0440E-A79F-46E4-A7C0-9DB36A51D378}.Release|Any CPU.Build.0 = Release|Any CPU
		{03C0BAD8-8143-411A-B122-EFD1547698F7}.Debug|Any CPU.ActiveCfg = Debug|Any CPU
		{03C0BAD8-8143-411A-B122-EFD1547698F7}.Debug|Any CPU.Build.0 = Debug|Any CPU
		{03C0BAD8-8143-411A-B122-EFD1547698F7}.Release|Any CPU.ActiveCfg = Release|Any CPU
		{03C0BAD8-8143-411A-B122-EFD1547698F7}.Release|Any CPU.Build.0 = Release|Any CPU
		{767DB2A5-8863-41A7-A971-C29580E33032}.Debug|Any CPU.ActiveCfg = Debug|Any CPU
		{767DB2A5-8863-41A7-A971-C29580E33032}.Debug|Any CPU.Build.0 = Debug|Any CPU
		{767DB2A5-8863-41A7-A971-C29580E33032}.Release|Any CPU.ActiveCfg = Release|Any CPU
		{767DB2A5-8863-41A7-A971-C29580E33032}.Release|Any CPU.Build.0 = Release|Any CPU
		{18267C42-DA19-4469-90F7-29F023D10FEE}.Debug|Any CPU.ActiveCfg = Debug|Any CPU
		{18267C42-DA19-4469-90F7-29F023D10FEE}.Debug|Any CPU.Build.0 = Debug|Any CPU
		{18267C42-DA19-4469-90F7-29F023D10FEE}.Release|Any CPU.ActiveCfg = Release|Any CPU
		{18267C42-DA19-4469-90F7-29F023D10FEE}.Release|Any CPU.Build.0 = Release|Any CPU
		{5900D3E8-B93F-4616-8ED7-CC80687820A6}.Debug|Any CPU.ActiveCfg = Debug|Any CPU
		{5900D3E8-B93F-4616-8ED7-CC80687820A6}.Debug|Any CPU.Build.0 = Debug|Any CPU
		{5900D3E8-B93F-4616-8ED7-CC80687820A6}.Release|Any CPU.ActiveCfg = Release|Any CPU
		{5900D3E8-B93F-4616-8ED7-CC80687820A6}.Release|Any CPU.Build.0 = Release|Any CPU
		{1F2AFA61-FA62-42C2-8AAD-6A8CAD0AD19E}.Debug|Any CPU.ActiveCfg = Debug|Any CPU
		{1F2AFA61-FA62-42C2-8AAD-6A8CAD0AD19E}.Debug|Any CPU.Build.0 = Debug|Any CPU
		{1F2AFA61-FA62-42C2-8AAD-6A8CAD0AD19E}.Release|Any CPU.ActiveCfg = Release|Any CPU
		{1F2AFA61-FA62-42C2-8AAD-6A8CAD0AD19E}.Release|Any CPU.Build.0 = Release|Any CPU
		{28D7EA06-EFA3-462A-A158-75C527444AE3}.Debug|Any CPU.ActiveCfg = Debug|Any CPU
		{28D7EA06-EFA3-462A-A158-75C527444AE3}.Debug|Any CPU.Build.0 = Debug|Any CPU
		{28D7EA06-EFA3-462A-A158-75C527444AE3}.Release|Any CPU.ActiveCfg = Release|Any CPU
		{28D7EA06-EFA3-462A-A158-75C527444AE3}.Release|Any CPU.Build.0 = Release|Any CPU
		{6CD76CCB-E2B4-4DE3-AD0E-033CA3745064}.Debug|Any CPU.ActiveCfg = Debug|Any CPU
		{6CD76CCB-E2B4-4DE3-AD0E-033CA3745064}.Debug|Any CPU.Build.0 = Debug|Any CPU
		{6CD76CCB-E2B4-4DE3-AD0E-033CA3745064}.Release|Any CPU.ActiveCfg = Release|Any CPU
		{6CD76CCB-E2B4-4DE3-AD0E-033CA3745064}.Release|Any CPU.Build.0 = Release|Any CPU
		{B8681EDB-586C-4D3D-900F-AEC542B8CF63}.Debug|Any CPU.ActiveCfg = Debug|Any CPU
		{B8681EDB-586C-4D3D-900F-AEC542B8CF63}.Debug|Any CPU.Build.0 = Debug|Any CPU
		{B8681EDB-586C-4D3D-900F-AEC542B8CF63}.Release|Any CPU.ActiveCfg = Release|Any CPU
		{B8681EDB-586C-4D3D-900F-AEC542B8CF63}.Release|Any CPU.Build.0 = Release|Any CPU
		{0176DB4A-EA3F-4EE2-9847-E9029DB4ADFA}.Debug|Any CPU.ActiveCfg = Debug|Any CPU
		{0176DB4A-EA3F-4EE2-9847-E9029DB4ADFA}.Debug|Any CPU.Build.0 = Debug|Any CPU
		{0176DB4A-EA3F-4EE2-9847-E9029DB4ADFA}.Release|Any CPU.ActiveCfg = Release|Any CPU
		{0176DB4A-EA3F-4EE2-9847-E9029DB4ADFA}.Release|Any CPU.Build.0 = Release|Any CPU
		{F81A6B40-89A7-40B8-8BF1-0A8FD6B6B5BE}.Debug|Any CPU.ActiveCfg = Debug|Any CPU
		{F81A6B40-89A7-40B8-8BF1-0A8FD6B6B5BE}.Debug|Any CPU.Build.0 = Debug|Any CPU
		{F81A6B40-89A7-40B8-8BF1-0A8FD6B6B5BE}.Release|Any CPU.ActiveCfg = Release|Any CPU
		{F81A6B40-89A7-40B8-8BF1-0A8FD6B6B5BE}.Release|Any CPU.Build.0 = Release|Any CPU
		{316DD9E8-7408-46C1-BDC4-7EB71DA39363}.Debug|Any CPU.ActiveCfg = Debug|Any CPU
		{316DD9E8-7408-46C1-BDC4-7EB71DA39363}.Debug|Any CPU.Build.0 = Debug|Any CPU
		{316DD9E8-7408-46C1-BDC4-7EB71DA39363}.Release|Any CPU.ActiveCfg = Release|Any CPU
		{316DD9E8-7408-46C1-BDC4-7EB71DA39363}.Release|Any CPU.Build.0 = Release|Any CPU
	EndGlobalSection
	GlobalSection(SolutionProperties) = preSolution
		HideSolutionNode = FALSE
	EndGlobalSection
	GlobalSection(NestedProjects) = preSolution
		{EA7C041C-BDD7-4D90-9A9C-64F312A3A47C} = {A6BF7212-EEC7-4BD0-8D27-C390A21C8CEC}
		{33621CE0-A70E-494C-93DD-E2403B9D7E3A} = {A6BF7212-EEC7-4BD0-8D27-C390A21C8CEC}
		{4EE8319C-3918-4610-A08D-071C7C1B402F} = {A6BF7212-EEC7-4BD0-8D27-C390A21C8CEC}
		{FE573B62-273E-44EA-BFD4-BFC294B12AFA} = {A6BF7212-EEC7-4BD0-8D27-C390A21C8CEC}
		{5DC8C0EF-5251-47E5-94BA-8B61F854BD4F} = {A6BF7212-EEC7-4BD0-8D27-C390A21C8CEC}
		{AB3882DD-F629-47AD-A554-27A5555867D9} = {A6BF7212-EEC7-4BD0-8D27-C390A21C8CEC}
		{59676C0F-E482-4646-AAE8-03376582A268} = {A6BF7212-EEC7-4BD0-8D27-C390A21C8CEC}
		{891F650B-7CAB-4AE7-88B4-7D2A2F462FD4} = {A6BF7212-EEC7-4BD0-8D27-C390A21C8CEC}
		{A8D31830-BD00-4669-94F7-85974F508EF7} = {3F7C67A9-723B-41E5-80E8-0E22B6A09DF8}
		{2F44680E-D24D-4723-8D76-173556245248} = {3F7C67A9-723B-41E5-80E8-0E22B6A09DF8}
		{855E8ED8-00F3-47C9-B324-B8CD13A18006} = {3F7C67A9-723B-41E5-80E8-0E22B6A09DF8}
		{6BA7005A-0677-40B3-980A-78853D1D3EB0} = {3F7C67A9-723B-41E5-80E8-0E22B6A09DF8}
		{BD602972-82BD-4FFF-8A70-C0F0AF393F73} = {3F7C67A9-723B-41E5-80E8-0E22B6A09DF8}
		{4E97C8C3-E3B4-4ABD-A11A-5B2782CA652C} = {3F7C67A9-723B-41E5-80E8-0E22B6A09DF8}
		{BAFB5BB4-4772-440E-AEAC-B9738674E45C} = {3F7C67A9-723B-41E5-80E8-0E22B6A09DF8}
		{714A4437-0DAF-421F-9037-646A199EA245} = {3F7C67A9-723B-41E5-80E8-0E22B6A09DF8}
		{A7BCE5C4-7C51-4FA2-A854-8148D2C5EDFC} = {3F7C67A9-723B-41E5-80E8-0E22B6A09DF8}
		{5F4AB3BF-02FE-4531-B044-FB8284B64E1C} = {3F7C67A9-723B-41E5-80E8-0E22B6A09DF8}
		{3DC94593-EC95-4610-80E3-66D53880026D} = {A6BF7212-EEC7-4BD0-8D27-C390A21C8CEC}
		{1FBAA273-880C-4EBE-BB68-94431B2F4678} = {A6BF7212-EEC7-4BD0-8D27-C390A21C8CEC}
		{25B958E7-957F-424E-A271-B4C9426264DD} = {A6BF7212-EEC7-4BD0-8D27-C390A21C8CEC}
		{E010620E-2B2B-4C0A-8DFD-DBF98090B4A7} = {3F7C67A9-723B-41E5-80E8-0E22B6A09DF8}
		{DB3FA5F5-4229-45E3-851C-F00E85FD70D9} = {3F7C67A9-723B-41E5-80E8-0E22B6A09DF8}
		{616F9DE9-7D90-4738-B32A-E92CA2A8CB60} = {3F7C67A9-723B-41E5-80E8-0E22B6A09DF8}
		{B0E10EB5-5A52-4641-9E6F-D7FA347AA068} = {3F7C67A9-723B-41E5-80E8-0E22B6A09DF8}
		{77C0708C-F185-46B2-8931-D7FF5EDAC959} = {3F7C67A9-723B-41E5-80E8-0E22B6A09DF8}
		{58125873-DE2F-4E44-88A6-FA7890474454} = {3F7C67A9-723B-41E5-80E8-0E22B6A09DF8}
		{E609CBD3-750A-4406-8056-049FE3D7C7EF} = {3F7C67A9-723B-41E5-80E8-0E22B6A09DF8}
		{7F87B71A-DF08-4DC7-B50F-B0D5761CF915} = {3F7C67A9-723B-41E5-80E8-0E22B6A09DF8}
		{56A948B7-E241-4AA8-B27E-41109295E562} = {3F7C67A9-723B-41E5-80E8-0E22B6A09DF8}
		{BD7E095F-AAB9-41B0-9874-E0CB0E823511} = {3F7C67A9-723B-41E5-80E8-0E22B6A09DF8}
		{1EC9811A-D1C5-4366-9731-5F53D536F5DA} = {3F7C67A9-723B-41E5-80E8-0E22B6A09DF8}
		{8517AF5E-E9DD-4738-8E73-C55B12F18E61} = {3F7C67A9-723B-41E5-80E8-0E22B6A09DF8}
		{FF2464E1-5B27-46FD-B325-F2125ABEDD19} = {3F7C67A9-723B-41E5-80E8-0E22B6A09DF8}
		{FDBC469E-B5DF-4254-B2BD-63B60BA18F3B} = {3F7C67A9-723B-41E5-80E8-0E22B6A09DF8}
		{FABDE556-102A-4F93-8430-22044A23EE92} = {3F7C67A9-723B-41E5-80E8-0E22B6A09DF8}
		{50B4DE20-D3A5-4853-B42F-C1E72E8FF51E} = {3F7C67A9-723B-41E5-80E8-0E22B6A09DF8}
		{22950C31-4E82-4DE0-B0B1-30958CB53C39} = {3F7C67A9-723B-41E5-80E8-0E22B6A09DF8}
		{307E6DBF-07D3-4678-A2C4-D81CD03AEBC7} = {3F7C67A9-723B-41E5-80E8-0E22B6A09DF8}
		{BEE12F73-82A9-4AE7-B624-0A81B99C2DD0} = {3F7C67A9-723B-41E5-80E8-0E22B6A09DF8}
		{34E99403-2D93-4074-8014-0D79A71A8E10} = {3F7C67A9-723B-41E5-80E8-0E22B6A09DF8}
		{B08D3AFB-4865-47F6-A2F1-7D50787A4655} = {3F7C67A9-723B-41E5-80E8-0E22B6A09DF8}
		{02CB05A4-3063-4FBA-9F98-A284889C566C} = {3F7C67A9-723B-41E5-80E8-0E22B6A09DF8}
		{F95246A9-554A-4FB9-A5ED-12FA73D5F0F3} = {3F7C67A9-723B-41E5-80E8-0E22B6A09DF8}
		{FA45C296-36B6-43A7-B34C-3A91767CE8E9} = {3F7C67A9-723B-41E5-80E8-0E22B6A09DF8}
		{B27D2D80-FBB9-4C94-935F-0FBB13973FEF} = {3F7C67A9-723B-41E5-80E8-0E22B6A09DF8}
		{54AB3921-8977-4C10-80A5-DC0BC45A16C3} = {3F7C67A9-723B-41E5-80E8-0E22B6A09DF8}
		{31909952-DC78-4754-8208-F41349490A57} = {3F7C67A9-723B-41E5-80E8-0E22B6A09DF8}
		{1E378242-08CC-4DBB-9165-E386A4F53796} = {3F7C67A9-723B-41E5-80E8-0E22B6A09DF8}
		{D3B0440E-A79F-46E4-A7C0-9DB36A51D378} = {3F7C67A9-723B-41E5-80E8-0E22B6A09DF8}
		{03C0BAD8-8143-411A-B122-EFD1547698F7} = {3F7C67A9-723B-41E5-80E8-0E22B6A09DF8}
		{767DB2A5-8863-41A7-A971-C29580E33032} = {3F7C67A9-723B-41E5-80E8-0E22B6A09DF8}
		{18267C42-DA19-4469-90F7-29F023D10FEE} = {3F7C67A9-723B-41E5-80E8-0E22B6A09DF8}
		{5900D3E8-B93F-4616-8ED7-CC80687820A6} = {3F7C67A9-723B-41E5-80E8-0E22B6A09DF8}
		{1F2AFA61-FA62-42C2-8AAD-6A8CAD0AD19E} = {3F7C67A9-723B-41E5-80E8-0E22B6A09DF8}
		{28D7EA06-EFA3-462A-A158-75C527444AE3} = {3F7C67A9-723B-41E5-80E8-0E22B6A09DF8}
		{6CD76CCB-E2B4-4DE3-AD0E-033CA3745064} = {3F7C67A9-723B-41E5-80E8-0E22B6A09DF8}
		{B8681EDB-586C-4D3D-900F-AEC542B8CF63} = {3F7C67A9-723B-41E5-80E8-0E22B6A09DF8}
		{0176DB4A-EA3F-4EE2-9847-E9029DB4ADFA} = {3F7C67A9-723B-41E5-80E8-0E22B6A09DF8}
		{F81A6B40-89A7-40B8-8BF1-0A8FD6B6B5BE} = {3F7C67A9-723B-41E5-80E8-0E22B6A09DF8}
		{316DD9E8-7408-46C1-BDC4-7EB71DA39363} = {3F7C67A9-723B-41E5-80E8-0E22B6A09DF8}
	EndGlobalSection
	GlobalSection(ExtensibilityGlobals) = postSolution
		SolutionGuid = {7EDBA141-81CB-48A6-9F95-8B5DED1FC991}
	EndGlobalSection
EndGlobal
